
Microsoft Visual Studio Solution File, Format Version 12.00
# Visual Studio Version 16
VisualStudioVersion = 16.0.30320.27
MinimumVisualStudioVersion = 10.0.40219.1
Project("{888888A0-9F3D-457C-B088-3A5042F75D52}") = "FileLabelEncoder", "FileLabelEncoder\FileLabelEncoder.pyproj", "{2177B0F6-ADE2-41F8-81AD-7019507E3FE2}"
EndProject
Project("{888888A0-9F3D-457C-B088-3A5042F75D52}") = "ReadChaoticSynthesizers", "ReadChaoticSynthesizers\ReadChaoticSynthesizers.pyproj", "{2FF89E5B-97E9-450B-8224-F027B89E8A16}"
EndProject
Global
	GlobalSection(SolutionConfigurationPlatforms) = preSolution
		Debug|Any CPU = Debug|Any CPU
		Release|Any CPU = Release|Any CPU
	EndGlobalSection
	GlobalSection(ProjectConfigurationPlatforms) = postSolution
		{2177B0F6-ADE2-41F8-81AD-7019507E3FE2}.Debug|Any CPU.ActiveCfg = Debug|Any CPU
		{2177B0F6-ADE2-41F8-81AD-7019507E3FE2}.Release|Any CPU.ActiveCfg = Release|Any CPU
		{2FF89E5B-97E9-450B-8224-F027B89E8A16}.Debug|Any CPU.ActiveCfg = Debug|Any CPU
		{2FF89E5B-97E9-450B-8224-F027B89E8A16}.Release|Any CPU.ActiveCfg = Release|Any CPU
	EndGlobalSection
	GlobalSection(SolutionProperties) = preSolution
		HideSolutionNode = FALSE
	EndGlobalSection
	GlobalSection(ExtensibilityGlobals) = postSolution
		SolutionGuid = {DBC5ECDD-B46E-426C-ACEF-4F5E17EC4B45}
	EndGlobalSection
EndGlobal
