
Microsoft Visual Studio Solution File, Format Version 12.00
# Visual Studio Version 16
VisualStudioVersion = 16.0.30128.74
MinimumVisualStudioVersion = 10.0.40219.1
Project("{888888A0-9F3D-457C-B088-3A5042F75D52}") = "External_Utilities", "External_Utilities\External_Utilities.pyproj", "{FD03E40E-548D-41DF-88A5-237323A14377}"
EndProject
Project("{888888A0-9F3D-457C-B088-3A5042F75D52}") = "Instrument_Classifier", "Instrument_Classifier\Instrument_Classifier.pyproj", "{2B70691E-2D39-443A-9FF9-93C86B043F4D}"
EndProject
Project("{888888A0-9F3D-457C-B088-3A5042F75D52}") = "Classifier_Analysis", "Classifier_Analysis\Classifier_Analysis.pyproj", "{36F8CBFB-E37F-420D-A2A0-9E0B32446D08}"
EndProject
Project("{888888A0-9F3D-457C-B088-3A5042F75D52}") = "Feature_Experiments", "Feature_Experiments\Feature_Experiments.pyproj", "{AD6A03CC-2872-4A58-88DB-5B98A60338BE}"
EndProject
Project("{888888A0-9F3D-457C-B088-3A5042F75D52}") = "Classifier_Preprocessing", "Classifier_Preprocessing\Classifier_Preprocessing.pyproj", "{C7901FC6-DF6D-425C-9281-A5011B4B9422}"
EndProject
Global
	GlobalSection(SolutionConfigurationPlatforms) = preSolution
		Debug|Any CPU = Debug|Any CPU
		Release|Any CPU = Release|Any CPU
	EndGlobalSection
	GlobalSection(ProjectConfigurationPlatforms) = postSolution
		{FD03E40E-548D-41DF-88A5-237323A14377}.Debug|Any CPU.ActiveCfg = Debug|Any CPU
		{FD03E40E-548D-41DF-88A5-237323A14377}.Release|Any CPU.ActiveCfg = Release|Any CPU
		{2B70691E-2D39-443A-9FF9-93C86B043F4D}.Debug|Any CPU.ActiveCfg = Debug|Any CPU
		{2B70691E-2D39-443A-9FF9-93C86B043F4D}.Release|Any CPU.ActiveCfg = Release|Any CPU
		{36F8CBFB-E37F-420D-A2A0-9E0B32446D08}.Debug|Any CPU.ActiveCfg = Debug|Any CPU
		{36F8CBFB-E37F-420D-A2A0-9E0B32446D08}.Release|Any CPU.ActiveCfg = Release|Any CPU
		{AD6A03CC-2872-4A58-88DB-5B98A60338BE}.Debug|Any CPU.ActiveCfg = Debug|Any CPU
		{AD6A03CC-2872-4A58-88DB-5B98A60338BE}.Release|Any CPU.ActiveCfg = Release|Any CPU
		{C7901FC6-DF6D-425C-9281-A5011B4B9422}.Debug|Any CPU.ActiveCfg = Debug|Any CPU
		{C7901FC6-DF6D-425C-9281-A5011B4B9422}.Release|Any CPU.ActiveCfg = Release|Any CPU
	EndGlobalSection
	GlobalSection(SolutionProperties) = preSolution
		HideSolutionNode = FALSE
	EndGlobalSection
	GlobalSection(ExtensibilityGlobals) = postSolution
		SolutionGuid = {6F42160C-3624-4E1B-AC2C-7BC481DA1E64}
	EndGlobalSection
EndGlobal
