
Microsoft Visual Studio Solution File, Format Version 12.00
# Visual Studio Version 16
VisualStudioVersion = 16.0.30128.74
MinimumVisualStudioVersion = 10.0.40219.1
Project("{888888A0-9F3D-457C-B088-3A5042F75D52}") = "ClassifierMain", "ClassifierMain\ClassifierMain.pyproj", "{EB19D509-5F93-4509-8812-2C5ED9DB81FB}"
EndProject
Project("{FAE04EC0-301F-11D3-BF4B-00C04F79EFBC}") = "SignalClassifierGUI", "SignalClassifierGUI\SignalClassifierGUI.csproj", "{E51AE505-825A-49A2-8D6E-0C8EF57CE28B}"
EndProject
Global
	GlobalSection(SolutionConfigurationPlatforms) = preSolution
		Debug|Any CPU = Debug|Any CPU
		Release|Any CPU = Release|Any CPU
	EndGlobalSection
	GlobalSection(ProjectConfigurationPlatforms) = postSolution
		{EB19D509-5F93-4509-8812-2C5ED9DB81FB}.Debug|Any CPU.ActiveCfg = Debug|Any CPU
		{EB19D509-5F93-4509-8812-2C5ED9DB81FB}.Release|Any CPU.ActiveCfg = Release|Any CPU
		{E51AE505-825A-49A2-8D6E-0C8EF57CE28B}.Debug|Any CPU.ActiveCfg = Debug|Any CPU
		{E51AE505-825A-49A2-8D6E-0C8EF57CE28B}.Debug|Any CPU.Build.0 = Debug|Any CPU
		{E51AE505-825A-49A2-8D6E-0C8EF57CE28B}.Release|Any CPU.ActiveCfg = Release|Any CPU
		{E51AE505-825A-49A2-8D6E-0C8EF57CE28B}.Release|Any CPU.Build.0 = Release|Any CPU
	EndGlobalSection
	GlobalSection(SolutionProperties) = preSolution
		HideSolutionNode = FALSE
	EndGlobalSection
	GlobalSection(ExtensibilityGlobals) = postSolution
		SolutionGuid = {B69EF61D-967C-4071-893A-573264CFD2B8}
	EndGlobalSection
EndGlobal
