
Microsoft Visual Studio Solution File, Format Version 12.00
# Visual Studio Version 17
VisualStudioVersion = 17.0.31912.275
MinimumVisualStudioVersion = 10.0.40219.1
Project("{888888A0-9F3D-457C-B088-3A5042F75D52}") = "FeatureCollection", "FeatureCollection\FeatureCollection.pyproj", "{76210B0C-9175-4C5F-9C95-CA1FB9CD240B}"
EndProject
Project("{888888A0-9F3D-457C-B088-3A5042F75D52}") = "CommonUtilities", "CommonUtilities\CommonUtilities.pyproj", "{0B3AAB92-77DA-4D35-8585-318B4458C673}"
EndProject
Project("{888888A0-9F3D-457C-B088-3A5042F75D52}") = "FeatureEngineering", "FeatureEngineering\FeatureEngineering.pyproj", "{1F9C8E99-6523-4EEA-99FB-29A84B9E0EBD}"
EndProject
Project("{888888A0-9F3D-457C-B088-3A5042F75D52}") = "NeuralNetworkModels", "NeuralNetworkModels\NeuralNetworkModels.pyproj", "{D369C612-0ECC-43E4-9549-94F6F4C44055}"
EndProject
Global
	GlobalSection(SolutionConfigurationPlatforms) = preSolution
		Debug|Any CPU = Debug|Any CPU
		Release|Any CPU = Release|Any CPU
	EndGlobalSection
	GlobalSection(ProjectConfigurationPlatforms) = postSolution
		{76210B0C-9175-4C5F-9C95-CA1FB9CD240B}.Debug|Any CPU.ActiveCfg = Debug|Any CPU
		{76210B0C-9175-4C5F-9C95-CA1FB9CD240B}.Release|Any CPU.ActiveCfg = Release|Any CPU
		{0B3AAB92-77DA-4D35-8585-318B4458C673}.Debug|Any CPU.ActiveCfg = Debug|Any CPU
		{0B3AAB92-77DA-4D35-8585-318B4458C673}.Release|Any CPU.ActiveCfg = Release|Any CPU
		{1F9C8E99-6523-4EEA-99FB-29A84B9E0EBD}.Debug|Any CPU.ActiveCfg = Debug|Any CPU
		{1F9C8E99-6523-4EEA-99FB-29A84B9E0EBD}.Release|Any CPU.ActiveCfg = Release|Any CPU
		{D369C612-0ECC-43E4-9549-94F6F4C44055}.Debug|Any CPU.ActiveCfg = Debug|Any CPU
		{D369C612-0ECC-43E4-9549-94F6F4C44055}.Release|Any CPU.ActiveCfg = Release|Any CPU
	EndGlobalSection
	GlobalSection(SolutionProperties) = preSolution
		HideSolutionNode = FALSE
	EndGlobalSection
	GlobalSection(ExtensibilityGlobals) = postSolution
		SolutionGuid = {69C5F028-4E1F-410A-B241-24ECD5B82998}
	EndGlobalSection
EndGlobal
